
Microsoft Visual Studio Solution File, Format Version 12.00
# Visual Studio Version 17
VisualStudioVersion = 17.2.32616.157
MinimumVisualStudioVersion = 10.0.40219.1
Project("{FAE04EC0-301F-11D3-BF4B-00C04F79EFBC}") = "EventBus", "EventBus\EventBus.csproj", "{C3F955B2-58EE-4BFC-A4FC-96FE77AEEC32}"
EndProject
Global
	GlobalSection(SolutionConfigurationPlatforms) = preSolution
		Debug|Any CPU = Debug|Any CPU
		Release|Any CPU = Release|Any CPU
	EndGlobalSection
	GlobalSection(ProjectConfigurationPlatforms) = postSolution
		{C3F955B2-58EE-4BFC-A4FC-96FE77AEEC32}.Debug|Any CPU.ActiveCfg = Debug|Any CPU
		{C3F955B2-58EE-4BFC-A4FC-96FE77AEEC32}.Debug|Any CPU.Build.0 = Debug|Any CPU
		{C3F955B2-58EE-4BFC-A4FC-96FE77AEEC32}.Release|Any CPU.ActiveCfg = Release|Any CPU
		{C3F955B2-58EE-4BFC-A4FC-96FE77AEEC32}.Release|Any CPU.Build.0 = Release|Any CPU
	EndGlobalSection
	GlobalSection(SolutionProperties) = preSolution
		HideSolutionNode = FALSE
	EndGlobalSection
	GlobalSection(ExtensibilityGlobals) = postSolution
		SolutionGuid = {754F0FF9-AD70-46A6-A3AF-952B42BC26EF}
	EndGlobalSection
EndGlobal
